PODS:
  - "app_settings (3.0.0+1)":
    - Flutter
  - Flutter (1.0.0)
  - "permission_handler (5.1.0+2)":
    - Flutter
  - playify (0.0.1):
    - Flutter
  - shared_preferences (0.0.1):
    - Flutter

DEPENDENCIES:
  - app_settings (from `.symlinks/plugins/app_settings/ios`)
  - Flutter (from `Flutter`)
  - permission_handler (from `.symlinks/plugins/permission_handler/ios`)
  - playify (from `.symlinks/plugins/playify/ios`)
  - shared_preferences (from `.symlinks/plugins/shared_preferences/ios`)

EXTERNAL SOURCES:
  app_settings:
    :path: ".symlinks/plugins/app_settings/ios"
  Flutter:
    :path: Flutter
  permission_handler:
    :path: ".symlinks/plugins/permission_handler/ios"
  playify:
    :path: ".symlinks/plugins/playify/ios"
  shared_preferences:
    :path: ".symlinks/plugins/shared_preferences/ios"

SPEC CHECKSUMS:
  app_settings: d103828c9f5d515c4df9ee754dabd443f7cedcf3
  Flutter: 434fef37c0980e73bb6479ef766c45957d4b510c
  permission_handler: ccb20a9fad0ee9b1314a52b70b76b473c5f8dab0
  playify: 011a349ff3652284046a563c0866e0bed7751ca8
  shared_preferences: af6bfa751691cdc24be3045c43ec037377ada40d

PODFILE CHECKSUM: fd05b051149fb6dfbee6fc11917ce3d01c9e7f51

COCOAPODS: 1.10.0
